// !$*UTF8*$!
{
	archiveVersion = 1;
	classes = {
	};
	objectVersion = 50;
	objects = {

/* Begin PBXBuildFile section */
		2C09AAD724861B02003D6BE3 /* AddProduceViewController2.swift in Sources */ = {isa = PBXBuildFile; fileRef = 2C09AAD624861B02003D6BE3 /* AddProduceViewController2.swift */; };
		2C35A51E24A1B30000BF07E8 /* README.md in Resources */ = {isa = PBXBuildFile; fileRef = 2C35A51D24A1B30000BF07E8 /* README.md */; };
		2CAEE6E424A8426A0091F0AA /* Produce.xcdatamodeld in Sources */ = {isa = PBXBuildFile; fileRef = 2CAEE6E224A8426A0091F0AA /* Produce.xcdatamodeld */; };
		2CAEE6EB24A845AF0091F0AA /* Produce+CoreDataClass.swift in Sources */ = {isa = PBXBuildFile; fileRef = 2CAEE6E924A845AF0091F0AA /* Produce+CoreDataClass.swift */; };
		2CAEE6EC24A845AF0091F0AA /* Produce+CoreDataProperties.swift in Sources */ = {isa = PBXBuildFile; fileRef = 2CAEE6EA24A845AF0091F0AA /* Produce+CoreDataProperties.swift */; };
		2CAEE6EE24A846980091F0AA /* CoreDataStack.swift in Sources */ = {isa = PBXBuildFile; fileRef = 2CAEE6ED24A846980091F0AA /* CoreDataStack.swift */; };
		6F3588642488FA3400171A7D /* Keyboard.swift in Sources */ = {isa = PBXBuildFile; fileRef = 6F3588632488FA3400171A7D /* Keyboard.swift */; };
		6F35886824890F6700171A7D /* KeyboardButton.swift in Sources */ = {isa = PBXBuildFile; fileRef = 6F35886724890F6700171A7D /* KeyboardButton.swift */; };
		6F4AD8C823D8FA3B00B94009 /* ProduceList.swift in Sources */ = {isa = PBXBuildFile; fileRef = 6F4AD8C723D8FA3B00B94009 /* ProduceList.swift */; };
		6F4DACA323C4BD6300AC99B1 /* QuizVC.swift in Sources */ = {isa = PBXBuildFile; fileRef = 6F4DACA223C4BD6300AC99B1 /* QuizVC.swift */; };
		6F62B2E223C3E65600E88367 /* AppDelegate.swift in Sources */ = {isa = PBXBuildFile; fileRef = 6F62B2E123C3E65600E88367 /* AppDelegate.swift */; };
		6F62B2E423C3E65600E88367 /* SceneDelegate.swift in Sources */ = {isa = PBXBuildFile; fileRef = 6F62B2E323C3E65600E88367 /* SceneDelegate.swift */; };
		6F62B2E923C3E65600E88367 /* Main.storyboard in Resources */ = {isa = PBXBuildFile; fileRef = 6F62B2E723C3E65600E88367 /* Main.storyboard */; };
		6F62B2EB23C3E65C00E88367 /* Assets.xcassets in Resources */ = {isa = PBXBuildFile; fileRef = 6F62B2EA23C3E65C00E88367 /* Assets.xcassets */; };
		6F62B2EE23C3E65C00E88367 /* LaunchScreen.storyboard in Resources */ = {isa = PBXBuildFile; fileRef = 6F62B2EC23C3E65C00E88367 /* LaunchScreen.storyboard */; };
		6F68553E23C54E0900DE6957 /* Produce.swift in Sources */ = {isa = PBXBuildFile; fileRef = 6F68553D23C54E0900DE6957 /* Produce.swift */; };
		6F68554023C54EE600DE6957 /* Quiz.swift in Sources */ = {isa = PBXBuildFile; fileRef = 6F68553F23C54EE600DE6957 /* Quiz.swift */; };
		6FBEEA8F23C7657200F042D0 /* ProduceListViewController.swift in Sources */ = {isa = PBXBuildFile; fileRef = 6FBEEA8E23C7657200F042D0 /* ProduceListViewController.swift */; };
		6FBEEA9123C904C300F042D0 /* AddProduceViewController.swift in Sources */ = {isa = PBXBuildFile; fileRef = 6FBEEA9023C904C300F042D0 /* AddProduceViewController.swift */; };
/* End PBXBuildFile section */

/* Begin PBXFileReference section */
		2C09AAD624861B02003D6BE3 /* AddProduceViewController2.swift */ = {isa = PBXFileReference; lastKnownFileType = sourcecode.swift; path = AddProduceViewController2.swift; sourceTree = "<group>"; };
		2C35A51D24A1B30000BF07E8 /* README.md */ = {isa = PBXFileReference; fileEncoding = 4; lastKnownFileType = net.daringfireball.markdown; name = README.md; path = ../README.md; sourceTree = "<group>"; };
		2CAEE6E324A8426A0091F0AA /* Produce.xcdatamodel */ = {isa = PBXFileReference; lastKnownFileType = wrapper.xcdatamodel; path = Produce.xcdatamodel; sourceTree = "<group>"; };
		2CAEE6E924A845AF0091F0AA /* Produce+CoreDataClass.swift */ = {isa = PBXFileReference; lastKnownFileType = sourcecode.swift; path = "Produce+CoreDataClass.swift"; sourceTree = "<group>"; };
		2CAEE6EA24A845AF0091F0AA /* Produce+CoreDataProperties.swift */ = {isa = PBXFileReference; lastKnownFileType = sourcecode.swift; path = "Produce+CoreDataProperties.swift"; sourceTree = "<group>"; };
		2CAEE6ED24A846980091F0AA /* CoreDataStack.swift */ = {isa = PBXFileReference; lastKnownFileType = sourcecode.swift; path = CoreDataStack.swift; sourceTree = "<group>"; };
		6F3588632488FA3400171A7D /* Keyboard.swift */ = {isa = PBXFileReference; lastKnownFileType = sourcecode.swift; path = Keyboard.swift; sourceTree = "<group>"; };
		6F35886724890F6700171A7D /* KeyboardButton.swift */ = {isa = PBXFileReference; lastKnownFileType = sourcecode.swift; path = KeyboardButton.swift; sourceTree = "<group>"; };
		6F4AD8C723D8FA3B00B94009 /* ProduceList.swift */ = {isa = PBXFileReference; lastKnownFileType = sourcecode.swift; path = ProduceList.swift; sourceTree = "<group>"; };
		6F4DACA223C4BD6300AC99B1 /* QuizVC.swift */ = {isa = PBXFileReference; lastKnownFileType = sourcecode.swift; path = QuizVC.swift; sourceTree = "<group>"; };
		6F62B2DE23C3E65600E88367 /* PLUTrainer.app */ = {isa = PBXFileReference; explicitFileType = wrapper.application; includeInIndex = 0; path = PLUTrainer.app; sourceTree = BUILT_PRODUCTS_DIR; };
		6F62B2E123C3E65600E88367 /* AppDelegate.swift */ = {isa = PBXFileReference; lastKnownFileType = sourcecode.swift; path = AppDelegate.swift; sourceTree = "<group>"; };
		6F62B2E323C3E65600E88367 /* SceneDelegate.swift */ = {isa = PBXFileReference; lastKnownFileType = sourcecode.swift; path = SceneDelegate.swift; sourceTree = "<group>"; };
		6F62B2E823C3E65600E88367 /* Base */ = {isa = PBXFileReference; lastKnownFileType = file.storyboard; name = Base; path = Base.lproj/Main.storyboard; sourceTree = "<group>"; };
		6F62B2EA23C3E65C00E88367 /* Assets.xcassets */ = {isa = PBXFileReference; lastKnownFileType = folder.assetcatalog; path = Assets.xcassets; sourceTree = "<group>"; };
		6F62B2ED23C3E65C00E88367 /* Base */ = {isa = PBXFileReference; lastKnownFileType = file.storyboard; name = Base; path = Base.lproj/LaunchScreen.storyboard; sourceTree = "<group>"; };
		6F62B2EF23C3E65C00E88367 /* Info.plist */ = {isa = PBXFileReference; lastKnownFileType = text.plist.xml; path = Info.plist; sourceTree = "<group>"; };
		6F68553D23C54E0900DE6957 /* Produce.swift */ = {isa = PBXFileReference; lastKnownFileType = sourcecode.swift; path = Produce.swift; sourceTree = "<group>"; };
		6F68553F23C54EE600DE6957 /* Quiz.swift */ = {isa = PBXFileReference; lastKnownFileType = sourcecode.swift; path = Quiz.swift; sourceTree = "<group>"; };
		6FBEEA8E23C7657200F042D0 /* ProduceListViewController.swift */ = {isa = PBXFileReference; lastKnownFileType = sourcecode.swift; path = ProduceListViewController.swift; sourceTree = "<group>"; };
		6FBEEA9023C904C300F042D0 /* AddProduceViewController.swift */ = {isa = PBXFileReference; lastKnownFileType = sourcecode.swift; path = AddProduceViewController.swift; sourceTree = "<group>"; };
/* End PBXFileReference section */

/* Begin PBXFrameworksBuildPhase section */
		6F62B2DB23C3E65600E88367 /* Frameworks */ = {
			isa = PBXFrameworksBuildPhase;
			buildActionMask = 2147483647;
			files = (
			);
			runOnlyForDeploymentPostprocessing = 0;
		};
/* End PBXFrameworksBuildPhase section */

/* Begin PBXGroup section */
		6F4DACA423C4C35300AC99B1 /* Model */ = {
			isa = PBXGroup;
			children = (
				2CAEE6E924A845AF0091F0AA /* Produce+CoreDataClass.swift */,
				2CAEE6EA24A845AF0091F0AA /* Produce+CoreDataProperties.swift */,
				2CAEE6ED24A846980091F0AA /* CoreDataStack.swift */,
				2CAEE6E224A8426A0091F0AA /* Produce.xcdatamodeld */,
				6F68553D23C54E0900DE6957 /* Produce.swift */,
				6F68553F23C54EE600DE6957 /* Quiz.swift */,
				6F4AD8C723D8FA3B00B94009 /* ProduceList.swift */,
			);
			path = Model;
			sourceTree = "<group>";
		};
		6F4DACA523C4C36600AC99B1 /* View */ = {
			isa = PBXGroup;
			children = (
				6F62B2E723C3E65600E88367 /* Main.storyboard */,
				6F3588632488FA3400171A7D /* Keyboard.swift */,
				6F35886724890F6700171A7D /* KeyboardButton.swift */,
			);
			path = View;
			sourceTree = "<group>";
		};
		6F4DACA623C4C36F00AC99B1 /* Controller */ = {
			isa = PBXGroup;
			children = (
				6F4DACA223C4BD6300AC99B1 /* QuizVC.swift */,
				6FBEEA8E23C7657200F042D0 /* ProduceListViewController.swift */,
				6FBEEA9023C904C300F042D0 /* AddProduceViewController.swift */,
				2C09AAD624861B02003D6BE3 /* AddProduceViewController2.swift */,
			);
			path = Controller;
			sourceTree = "<group>";
		};
		6F62B2D523C3E65600E88367 = {
			isa = PBXGroup;
			children = (
				2C35A51D24A1B30000BF07E8 /* README.md */,
				6F62B2E023C3E65600E88367 /* PLUTrainer */,
				6F62B2DF23C3E65600E88367 /* Products */,
			);
			sourceTree = "<group>";
		};
		6F62B2DF23C3E65600E88367 /* Products */ = {
			isa = PBXGroup;
			children = (
				6F62B2DE23C3E65600E88367 /* PLUTrainer.app */,
			);
			name = Products;
			sourceTree = "<group>";
		};
		6F62B2E023C3E65600E88367 /* PLUTrainer */ = {
			isa = PBXGroup;
			children = (
				6F62B2E123C3E65600E88367 /* AppDelegate.swift */,
				6F62B2E323C3E65600E88367 /* SceneDelegate.swift */,
				6F4DACA423C4C35300AC99B1 /* Model */,
				6F4DACA523C4C36600AC99B1 /* View */,
				6F4DACA623C4C36F00AC99B1 /* Controller */,
				6F62B2EA23C3E65C00E88367 /* Assets.xcassets */,
				6F62B2EC23C3E65C00E88367 /* LaunchScreen.storyboard */,
				6F62B2EF23C3E65C00E88367 /* Info.plist */,
			);
			path = PLUTrainer;
			sourceTree = "<group>";
		};
/* End PBXGroup section */

/* Begin PBXNativeTarget section */
		6F62B2DD23C3E65600E88367 /* PLUTrainer */ = {
			isa = PBXNativeTarget;
			buildConfigurationList = 6F62B2F223C3E65C00E88367 /* Build configuration list for PBXNativeTarget "PLUTrainer" */;
			buildPhases = (
				6F62B2DA23C3E65600E88367 /* Sources */,
				6F62B2DB23C3E65600E88367 /* Frameworks */,
				6F62B2DC23C3E65600E88367 /* Resources */,
			);
			buildRules = (
			);
			dependencies = (
			);
			name = PLUTrainer;
			productName = PLUTrainer;
			productReference = 6F62B2DE23C3E65600E88367 /* PLUTrainer.app */;
			productType = "com.apple.product-type.application";
		};
/* End PBXNativeTarget section */

/* Begin PBXProject section */
		6F62B2D623C3E65600E88367 /* Project object */ = {
			isa = PBXProject;
			attributes = {
				LastSwiftUpdateCheck = 1110;
				LastUpgradeCheck = 1110;
				ORGANIZATIONNAME = Mondale;
				TargetAttributes = {
					6F62B2DD23C3E65600E88367 = {
						CreatedOnToolsVersion = 11.1;
					};
				};
			};
			buildConfigurationList = 6F62B2D923C3E65600E88367 /* Build configuration list for PBXProject "PLUTrainer" */;
			compatibilityVersion = "Xcode 9.3";
			developmentRegion = en;
			hasScannedForEncodings = 0;
			knownRegions = (
				en,
				Base,
			);
			mainGroup = 6F62B2D523C3E65600E88367;
			productRefGroup = 6F62B2DF23C3E65600E88367 /* Products */;
			projectDirPath = "";
			projectRoot = "";
			targets = (
				6F62B2DD23C3E65600E88367 /* PLUTrainer */,
			);
		};
/* End PBXProject section */

/* Begin PBXResourcesBuildPhase section */
		6F62B2DC23C3E65600E88367 /* Resources */ = {
			isa = PBXResourcesBuildPhase;
			buildActionMask = 2147483647;
			files = (
				6F62B2EE23C3E65C00E88367 /* LaunchScreen.storyboard in Resources */,
				6F62B2EB23C3E65C00E88367 /* Assets.xcassets in Resources */,
				2C35A51E24A1B30000BF07E8 /* README.md in Resources */,
				6F62B2E923C3E65600E88367 /* Main.storyboard in Resources */,
			);
			runOnlyForDeploymentPostprocessing = 0;
		};
/* End PBXResourcesBuildPhase section */

/* Begin PBXSourcesBuildPhase section */
		6F62B2DA23C3E65600E88367 /* Sources */ = {
			isa = PBXSourcesBuildPhase;
			buildActionMask = 2147483647;
			files = (
				2CAEE6EE24A846980091F0AA /* CoreDataStack.swift in Sources */,
				6F4DACA323C4BD6300AC99B1 /* QuizVC.swift in Sources */,
				2C09AAD724861B02003D6BE3 /* AddProduceViewController2.swift in Sources */,
				2CAEE6E424A8426A0091F0AA /* Produce.xcdatamodeld in Sources */,
				6F3588642488FA3400171A7D /* Keyboard.swift in Sources */,
				6FBEEA8F23C7657200F042D0 /* ProduceListViewController.swift in Sources */,
				6F4AD8C823D8FA3B00B94009 /* ProduceList.swift in Sources */,
				2CAEE6EC24A845AF0091F0AA /* Produce+CoreDataProperties.swift in Sources */,
				6FBEEA9123C904C300F042D0 /* AddProduceViewController.swift in Sources */,
				6F68554023C54EE600DE6957 /* Quiz.swift in Sources */,
				6F62B2E223C3E65600E88367 /* AppDelegate.swift in Sources */,
				6F68553E23C54E0900DE6957 /* Produce.swift in Sources */,
				2CAEE6EB24A845AF0091F0AA /* Produce+CoreDataClass.swift in Sources */,
				6F35886824890F6700171A7D /* KeyboardButton.swift in Sources */,
				6F62B2E423C3E65600E88367 /* SceneDelegate.swift in Sources */,
			);
			runOnlyForDeploymentPostprocessing = 0;
		};
/* End PBXSourcesBuildPhase section */

/* Begin PBXVariantGroup section */
		6F62B2E723C3E65600E88367 /* Main.storyboard */ = {
			isa = PBXVariantGroup;
			children = (
				6F62B2E823C3E65600E88367 /* Base */,
			);
			name = Main.storyboard;
			sourceTree = "<group>";
		};
		6F62B2EC23C3E65C00E88367 /* LaunchScreen.storyboard */ = {
			isa = PBXVariantGroup;
			children = (
				6F62B2ED23C3E65C00E88367 /* Base */,
			);
			name = LaunchScreen.storyboard;
			sourceTree = "<group>";
		};
/* End PBXVariantGroup section */

/* Begin XCBuildConfiguration section */
		6F62B2F023C3E65C00E88367 /* Debug */ = {
			isa = XCBuildConfiguration;
			buildSettings = {
				ALWAYS_SEARCH_USER_PATHS = NO;
				CLANG_ANALYZER_NONNULL = YES;
				CLANG_ANALYZER_NUMBER_OBJECT_CONVERSION = YES_AGGRESSIVE;
				CLANG_CXX_LANGUAGE_STANDARD = "gnu++14";
				CLANG_CXX_LIBRARY = "libc++";
				CLANG_ENABLE_MODULES = YES;
				CLANG_ENABLE_OBJC_ARC = YES;
				CLANG_ENABLE_OBJC_WEAK = YES;
				CLANG_WARN_BLOCK_CAPTURE_AUTORELEASING = YES;
				CLANG_WARN_BOOL_CONVERSION = YES;
				CLANG_WARN_COMMA = YES;
				CLANG_WARN_CONSTANT_CONVERSION = YES;
				CLANG_WARN_DEPRECATED_OBJC_IMPLEMENTATIONS = YES;
				CLANG_WARN_DIRECT_OBJC_ISA_USAGE = YES_ERROR;
				CLANG_WARN_DOCUMENTATION_COMMENTS = YES;
				CLANG_WARN_EMPTY_BODY = YES;
				CLANG_WARN_ENUM_CONVERSION = YES;
				CLANG_WARN_INFINITE_RECURSION = YES;
				CLANG_WARN_INT_CONVERSION = YES;
				CLANG_WARN_NON_LITERAL_NULL_CONVERSION = YES;
				CLANG_WARN_OBJC_IMPLICIT_RETAIN_SELF = YES;
				CLANG_WARN_OBJC_LITERAL_CONVERSION = YES;
				CLANG_WARN_OBJC_ROOT_CLASS = YES_ERROR;
				CLANG_WARN_RANGE_LOOP_ANALYSIS = YES;
				CLANG_WARN_STRICT_PROTOTYPES = YES;
				CLANG_WARN_SUSPICIOUS_MOVE = YES;
				CLANG_WARN_UNGUARDED_AVAILABILITY = YES_AGGRESSIVE;
				CLANG_WARN_UNREACHABLE_CODE = YES;
				CLANG_WARN__DUPLICATE_METHOD_MATCH = YES;
				COPY_PHASE_STRIP = NO;
				DEBUG_INFORMATION_FORMAT = dwarf;
				ENABLE_STRICT_OBJC_MSGSEND = YES;
				ENABLE_TESTABILITY = YES;
				GCC_C_LANGUAGE_STANDARD = gnu11;
				GCC_DYNAMIC_NO_PIC = NO;
				GCC_NO_COMMON_BLOCKS = YES;
				GCC_OPTIMIZATION_LEVEL = 0;
				GCC_PREPROCESSOR_DEFINITIONS = (
					"DEBUG=1",
					"$(inherited)",
				);
				GCC_WARN_64_TO_32_BIT_CONVERSION = YES;
				GCC_WARN_ABOUT_RETURN_TYPE = YES_ERROR;
				GCC_WARN_UNDECLARED_SELECTOR = YES;
				GCC_WARN_UNINITIALIZED_AUTOS = YES_AGGRESSIVE;
				GCC_WARN_UNUSED_FUNCTION = YES;
				GCC_WARN_UNUSED_VARIABLE = YES;
				IPHONEOS_DEPLOYMENT_TARGET = 13.1;
				MTL_ENABLE_DEBUG_INFO = INCLUDE_SOURCE;
				MTL_FAST_MATH = YES;
				ONLY_ACTIVE_ARCH = YES;
				SDKROOT = iphoneos;
				SWIFT_ACTIVE_COMPILATION_CONDITIONS = DEBUG;
				SWIFT_OPTIMIZATION_LEVEL = "-Onone";
			};
			name = Debug;
		};
		6F62B2F123C3E65C00E88367 /* Release */ = {
			isa = XCBuildConfiguration;
			buildSettings = {
				ALWAYS_SEARCH_USER_PATHS = NO;
				CLANG_ANALYZER_NONNULL = YES;
				CLANG_ANALYZER_NUMBER_OBJECT_CONVERSION = YES_AGGRESSIVE;
				CLANG_CXX_LANGUAGE_STANDARD = "gnu++14";
				CLANG_CXX_LIBRARY = "libc++";
				CLANG_ENABLE_MODULES = YES;
				CLANG_ENABLE_OBJC_ARC = YES;
				CLANG_ENABLE_OBJC_WEAK = YES;
				CLANG_WARN_BLOCK_CAPTURE_AUTORELEASING = YES;
				CLANG_WARN_BOOL_CONVERSION = YES;
				CLANG_WARN_COMMA = YES;
				CLANG_WARN_CONSTANT_CONVERSION = YES;
				CLANG_WARN_DEPRECATED_OBJC_IMPLEMENTATIONS = YES;
				CLANG_WARN_DIRECT_OBJC_ISA_USAGE = YES_ERROR;
				CLANG_WARN_DOCUMENTATION_COMMENTS = YES;
				CLANG_WARN_EMPTY_BODY = YES;
				CLANG_WARN_ENUM_CONVERSION = YES;
				CLANG_WARN_INFINITE_RECURSION = YES;
				CLANG_WARN_INT_CONVERSION = YES;
				CLANG_WARN_NON_LITERAL_NULL_CONVERSION = YES;
				CLANG_WARN_OBJC_IMPLICIT_RETAIN_SELF = YES;
				CLANG_WARN_OBJC_LITERAL_CONVERSION = YES;
				CLANG_WARN_OBJC_ROOT_CLASS = YES_ERROR;
				CLANG_WARN_RANGE_LOOP_ANALYSIS = YES;
				CLANG_WARN_STRICT_PROTOTYPES = YES;
				CLANG_WARN_SUSPICIOUS_MOVE = YES;
				CLANG_WARN_UNGUARDED_AVAILABILITY = YES_AGGRESSIVE;
				CLANG_WARN_UNREACHABLE_CODE = YES;
				CLANG_WARN__DUPLICATE_METHOD_MATCH = YES;
				COPY_PHASE_STRIP = NO;
				DEBUG_INFORMATION_FORMAT = "dwarf-with-dsym";
				ENABLE_NS_ASSERTIONS = NO;
				ENABLE_STRICT_OBJC_MSGSEND = YES;
				GCC_C_LANGUAGE_STANDARD = gnu11;
				GCC_NO_COMMON_BLOCKS = YES;
				GCC_WARN_64_TO_32_BIT_CONVERSION = YES;
				GCC_WARN_ABOUT_RETURN_TYPE = YES_ERROR;
				GCC_WARN_UNDECLARED_SELECTOR = YES;
				GCC_WARN_UNINITIALIZED_AUTOS = YES_AGGRESSIVE;
				GCC_WARN_UNUSED_FUNCTION = YES;
				GCC_WARN_UNUSED_VARIABLE = YES;
				IPHONEOS_DEPLOYMENT_TARGET = 13.1;
				MTL_ENABLE_DEBUG_INFO = NO;
				MTL_FAST_MATH = YES;
				SDKROOT = iphoneos;
				SWIFT_COMPILATION_MODE = wholemodule;
				SWIFT_OPTIMIZATION_LEVEL = "-O";
				VALIDATE_PRODUCT = YES;
			};
			name = Release;
		};
		6F62B2F323C3E65C00E88367 /* Debug */ = {
			isa = XCBuildConfiguration;
			buildSettings = {
				ASSETCATALOG_COMPILER_APPICON_NAME = AppIcon;
				CODE_SIGN_STYLE = Automatic;
				DEVELOPMENT_TEAM = R5VV3L44SL;
				INFOPLIST_FILE = PLUTrainer/Info.plist;
				LD_RUNPATH_SEARCH_PATHS = (
					"$(inherited)",
					"@executable_path/Frameworks",
				);
				PRODUCT_BUNDLE_IDENTIFIER = com.PLUTrainer;
				PRODUCT_NAME = "$(TARGET_NAME)";
				SWIFT_VERSION = 5.0;
				TARGETED_DEVICE_FAMILY = "1,2";
			};
			name = Debug;
		};
		6F62B2F423C3E65C00E88367 /* Release */ = {
			isa = XCBuildConfiguration;
			buildSettings = {
				ASSETCATALOG_COMPILER_APPICON_NAME = AppIcon;
				CODE_SIGN_STYLE = Automatic;
				DEVELOPMENT_TEAM = R5VV3L44SL;
				INFOPLIST_FILE = PLUTrainer/Info.plist;
				LD_RUNPATH_SEARCH_PATHS = (
					"$(inherited)",
					"@executable_path/Frameworks",
				);
				PRODUCT_BUNDLE_IDENTIFIER = com.PLUTrainer;
				PRODUCT_NAME = "$(TARGET_NAME)";
				SWIFT_VERSION = 5.0;
				TARGETED_DEVICE_FAMILY = "1,2";
			};
			name = Release;
		};
/* End XCBuildConfiguration section */

/* Begin XCConfigurationList section */
		6F62B2D923C3E65600E88367 /* Build configuration list for PBXProject "PLUTrainer" */ = {
			isa = XCConfigurationList;
			buildConfigurations = (
				6F62B2F023C3E65C00E88367 /* Debug */,
				6F62B2F123C3E65C00E88367 /* Release */,
			);
			defaultConfigurationIsVisible = 0;
			defaultConfigurationName = Release;
		};
		6F62B2F223C3E65C00E88367 /* Build configuration list for PBXNativeTarget "PLUTrainer" */ = {
			isa = XCConfigurationList;
			buildConfigurations = (
				6F62B2F323C3E65C00E88367 /* Debug */,
				6F62B2F423C3E65C00E88367 /* Release */,
			);
			defaultConfigurationIsVisible = 0;
			defaultConfigurationName = Release;
		};
/* End XCConfigurationList section */

/* Begin XCVersionGroup section */
		2CAEE6E224A8426A0091F0AA /* Produce.xcdatamodeld */ = {
			isa = XCVersionGroup;
			children = (
				2CAEE6E324A8426A0091F0AA /* Produce.xcdatamodel */,
			);
			currentVersion = 2CAEE6E324A8426A0091F0AA /* Produce.xcdatamodel */;
			path = Produce.xcdatamodeld;
			sourceTree = "<group>";
			versionGroupType = wrapper.xcdatamodel;
		};
/* End XCVersionGroup section */
	};
	rootObject = 6F62B2D623C3E65600E88367 /* Project object */;
}
